
Microsoft Visual Studio Solution File, Format Version 11.00
# Visual Studio 2010
Project("{FAE04EC0-301F-11D3-BF4B-00C04F79EFBC}") = "Action.Core", "Action.Core\Action.Core.csproj", "{4528F2B2-5546-4F67-9B13-D75E1058876E}"
EndProject
Project("{FAE04EC0-301F-11D3-BF4B-00C04F79EFBC}") = "Action.Engine", "Action.Engine\Action.Engine.csproj", "{0348CA5E-C60B-424D-999C-55A153A637E1}"
EndProject
Project("{2150E333-8FDC-42A3-9474-1A3956D46DE8}") = "Framework", "Framework", "{E3994E17-EA3D-4139-A8EC-AAF34743DFD2}"
EndProject
Project("{2150E333-8FDC-42A3-9474-1A3956D46DE8}") = "Module", "Module", "{B84861F9-B0A9-49F5-8261-5A6FE783B2F9}"
EndProject
Project("{FAE04EC0-301F-11D3-BF4B-00C04F79EFBC}") = "Action.Login", "Action.Login\Action.Login.csproj", "{EE199967-9BD1-41E8-9465-9E3B60C33E58}"
EndProject
Project("{FAE04EC0-301F-11D3-BF4B-00C04F79EFBC}") = "Action.Model", "Action.Model\Action.Model.csproj", "{FCB49407-1470-44C8-8D9B-AABA921FF088}"
EndProject
Project("{FAE04EC0-301F-11D3-BF4B-00C04F79EFBC}") = "StartUp", "StartUp\StartUp.csproj", "{82571824-9FF2-4CD2-8B18-A585039645C6}"
EndProject
Project("{2150E333-8FDC-42A3-9474-1A3956D46DE8}") = "Model", "Model", "{B7C86398-2BFA-4131-B196-58237DAD38A0}"
EndProject
Global
	GlobalSection(SolutionConfigurationPlatforms) = preSolution
		Debug|Any CPU = Debug|Any CPU
		Debug|Mixed Platforms = Debug|Mixed Platforms
		Debug|x86 = Debug|x86
		Release|Any CPU = Release|Any CPU
		Release|Mixed Platforms = Release|Mixed Platforms
		Release|x86 = Release|x86
	EndGlobalSection
	GlobalSection(ProjectConfigurationPlatforms) = postSolution
		{4528F2B2-5546-4F67-9B13-D75E1058876E}.Debug|Any CPU.ActiveCfg = Debug|Any CPU
		{4528F2B2-5546-4F67-9B13-D75E1058876E}.Debug|Any CPU.Build.0 = Debug|Any CPU
		{4528F2B2-5546-4F67-9B13-D75E1058876E}.Debug|Mixed Platforms.ActiveCfg = Debug|Any CPU
		{4528F2B2-5546-4F67-9B13-D75E1058876E}.Debug|Mixed Platforms.Build.0 = Debug|Any CPU
		{4528F2B2-5546-4F67-9B13-D75E1058876E}.Debug|x86.ActiveCfg = Debug|Any CPU
		{4528F2B2-5546-4F67-9B13-D75E1058876E}.Release|Any CPU.ActiveCfg = Release|Any CPU
		{4528F2B2-5546-4F67-9B13-D75E1058876E}.Release|Any CPU.Build.0 = Release|Any CPU
		{4528F2B2-5546-4F67-9B13-D75E1058876E}.Release|Mixed Platforms.ActiveCfg = Release|Any CPU
		{4528F2B2-5546-4F67-9B13-D75E1058876E}.Release|Mixed Platforms.Build.0 = Release|Any CPU
		{4528F2B2-5546-4F67-9B13-D75E1058876E}.Release|x86.ActiveCfg = Release|Any CPU
		{0348CA5E-C60B-424D-999C-55A153A637E1}.Debug|Any CPU.ActiveCfg = Debug|Any CPU
		{0348CA5E-C60B-424D-999C-55A153A637E1}.Debug|Any CPU.Build.0 = Debug|Any CPU
		{0348CA5E-C60B-424D-999C-55A153A637E1}.Debug|Mixed Platforms.ActiveCfg = Debug|Any CPU
		{0348CA5E-C60B-424D-999C-55A153A637E1}.Debug|Mixed Platforms.Build.0 = Debug|Any CPU
		{0348CA5E-C60B-424D-999C-55A153A637E1}.Debug|x86.ActiveCfg = Debug|Any CPU
		{0348CA5E-C60B-424D-999C-55A153A637E1}.Release|Any CPU.ActiveCfg = Release|Any CPU
		{0348CA5E-C60B-424D-999C-55A153A637E1}.Release|Any CPU.Build.0 = Release|Any CPU
		{0348CA5E-C60B-424D-999C-55A153A637E1}.Release|Mixed Platforms.ActiveCfg = Release|Any CPU
		{0348CA5E-C60B-424D-999C-55A153A637E1}.Release|Mixed Platforms.Build.0 = Release|Any CPU
		{0348CA5E-C60B-424D-999C-55A153A637E1}.Release|x86.ActiveCfg = Release|Any CPU
		{EE199967-9BD1-41E8-9465-9E3B60C33E58}.Debug|Any CPU.ActiveCfg = Debug|Any CPU
		{EE199967-9BD1-41E8-9465-9E3B60C33E58}.Debug|Any CPU.Build.0 = Debug|Any CPU
		{EE199967-9BD1-41E8-9465-9E3B60C33E58}.Debug|Mixed Platforms.ActiveCfg = Debug|Any CPU
		{EE199967-9BD1-41E8-9465-9E3B60C33E58}.Debug|Mixed Platforms.Build.0 = Debug|Any CPU
		{EE199967-9BD1-41E8-9465-9E3B60C33E58}.Debug|x86.ActiveCfg = Debug|Any CPU
		{EE199967-9BD1-41E8-9465-9E3B60C33E58}.Release|Any CPU.ActiveCfg = Release|Any CPU
		{EE199967-9BD1-41E8-9465-9E3B60C33E58}.Release|Any CPU.Build.0 = Release|Any CPU
		{EE199967-9BD1-41E8-9465-9E3B60C33E58}.Release|Mixed Platforms.ActiveCfg = Release|Any CPU
		{EE199967-9BD1-41E8-9465-9E3B60C33E58}.Release|Mixed Platforms.Build.0 = Release|Any CPU
		{EE199967-9BD1-41E8-9465-9E3B60C33E58}.Release|x86.ActiveCfg = Release|Any CPU
		{FCB49407-1470-44C8-8D9B-AABA921FF088}.Debug|Any CPU.ActiveCfg = Debug|Any CPU
		{FCB49407-1470-44C8-8D9B-AABA921FF088}.Debug|Any CPU.Build.0 = Debug|Any CPU
		{FCB49407-1470-44C8-8D9B-AABA921FF088}.Debug|Mixed Platforms.ActiveCfg = Debug|Any CPU
		{FCB49407-1470-44C8-8D9B-AABA921FF088}.Debug|Mixed Platforms.Build.0 = Debug|Any CPU
		{FCB49407-1470-44C8-8D9B-AABA921FF088}.Debug|x86.ActiveCfg = Debug|Any CPU
		{FCB49407-1470-44C8-8D9B-AABA921FF088}.Release|Any CPU.ActiveCfg = Release|Any CPU
		{FCB49407-1470-44C8-8D9B-AABA921FF088}.Release|Any CPU.Build.0 = Release|Any CPU
		{FCB49407-1470-44C8-8D9B-AABA921FF088}.Release|Mixed Platforms.ActiveCfg = Release|Any CPU
		{FCB49407-1470-44C8-8D9B-AABA921FF088}.Release|Mixed Platforms.Build.0 = Release|Any CPU
		{FCB49407-1470-44C8-8D9B-AABA921FF088}.Release|x86.ActiveCfg = Release|Any CPU
		{82571824-9FF2-4CD2-8B18-A585039645C6}.Debug|Any CPU.ActiveCfg = Debug|x86
		{82571824-9FF2-4CD2-8B18-A585039645C6}.Debug|Mixed Platforms.ActiveCfg = Debug|x86
		{82571824-9FF2-4CD2-8B18-A585039645C6}.Debug|Mixed Platforms.Build.0 = Debug|x86
		{82571824-9FF2-4CD2-8B18-A585039645C6}.Debug|x86.ActiveCfg = Debug|x86
		{82571824-9FF2-4CD2-8B18-A585039645C6}.Debug|x86.Build.0 = Debug|x86
		{82571824-9FF2-4CD2-8B18-A585039645C6}.Release|Any CPU.ActiveCfg = Release|x86
		{82571824-9FF2-4CD2-8B18-A585039645C6}.Release|Mixed Platforms.ActiveCfg = Release|x86
		{82571824-9FF2-4CD2-8B18-A585039645C6}.Release|Mixed Platforms.Build.0 = Release|x86
		{82571824-9FF2-4CD2-8B18-A585039645C6}.Release|x86.ActiveCfg = Release|x86
		{82571824-9FF2-4CD2-8B18-A585039645C6}.Release|x86.Build.0 = Release|x86
	EndGlobalSection
	GlobalSection(SolutionProperties) = preSolution
		HideSolutionNode = FALSE
	EndGlobalSection
	GlobalSection(NestedProjects) = preSolution
		{0348CA5E-C60B-424D-999C-55A153A637E1} = {E3994E17-EA3D-4139-A8EC-AAF34743DFD2}
		{4528F2B2-5546-4F67-9B13-D75E1058876E} = {E3994E17-EA3D-4139-A8EC-AAF34743DFD2}
		{EE199967-9BD1-41E8-9465-9E3B60C33E58} = {B84861F9-B0A9-49F5-8261-5A6FE783B2F9}
		{FCB49407-1470-44C8-8D9B-AABA921FF088} = {B7C86398-2BFA-4131-B196-58237DAD38A0}
	EndGlobalSection
	GlobalSection(ExtensibilityGlobals) = postSolution
		VisualSVNWorkingCopyRoot = .
	EndGlobalSection
EndGlobal
