
Microsoft Visual Studio Solution File, Format Version 12.00
# Visual Studio 2012
Project("{FAE04EC0-301F-11D3-BF4B-00C04F79EFBC}") = "BattleReport.Web", "BattleReport.Web\BattleReport.Web.csproj", "{4C9A986F-5AF1-4141-A520-DF0AD4D81B1D}"
EndProject
Project("{FAE04EC0-301F-11D3-BF4B-00C04F79EFBC}") = "Action.War", "Action.War\Action.War.csproj", "{C3AE09BD-C508-4690-BAB0-CDBA77FADCEF}"
EndProject
Project("{FAE04EC0-301F-11D3-BF4B-00C04F79EFBC}") = "Action.Model", "Action.Model\Action.Model.csproj", "{FCB49407-1470-44C8-8D9B-AABA921FF088}"
EndProject
Project("{2150E333-8FDC-42A3-9474-1A3956D46DE8}") = "Action", "Action", "{2639AA9C-DDB0-481A-AFE5-8AFF633E5936}"
EndProject
Project("{FAE04EC0-301F-11D3-BF4B-00C04F79EFBC}") = "Action.Engine", "Action.Engine\Action.Engine.csproj", "{0348CA5E-C60B-424D-999C-55A153A637E1}"
EndProject
Project("{FAE04EC0-301F-11D3-BF4B-00C04F79EFBC}") = "Action.DataAccess", "Action.DataAccess\Action.DataAccess.csproj", "{F622118C-38C5-4D06-929E-46A5DADEF618}"
EndProject
Project("{FAE04EC0-301F-11D3-BF4B-00C04F79EFBC}") = "Action.Core", "Action.Core\Action.Core.csproj", "{4528F2B2-5546-4F67-9B13-D75E1058876E}"
EndProject
Global
	GlobalSection(SolutionConfigurationPlatforms) = preSolution
		Debug|Any CPU = Debug|Any CPU
		Release|Any CPU = Release|Any CPU
	EndGlobalSection
	GlobalSection(ProjectConfigurationPlatforms) = postSolution
		{4C9A986F-5AF1-4141-A520-DF0AD4D81B1D}.Debug|Any CPU.ActiveCfg = Debug|Any CPU
		{4C9A986F-5AF1-4141-A520-DF0AD4D81B1D}.Debug|Any CPU.Build.0 = Debug|Any CPU
		{4C9A986F-5AF1-4141-A520-DF0AD4D81B1D}.Release|Any CPU.ActiveCfg = Release|Any CPU
		{4C9A986F-5AF1-4141-A520-DF0AD4D81B1D}.Release|Any CPU.Build.0 = Release|Any CPU
		{C3AE09BD-C508-4690-BAB0-CDBA77FADCEF}.Debug|Any CPU.ActiveCfg = Debug|Any CPU
		{C3AE09BD-C508-4690-BAB0-CDBA77FADCEF}.Debug|Any CPU.Build.0 = Debug|Any CPU
		{C3AE09BD-C508-4690-BAB0-CDBA77FADCEF}.Release|Any CPU.ActiveCfg = Release|Any CPU
		{C3AE09BD-C508-4690-BAB0-CDBA77FADCEF}.Release|Any CPU.Build.0 = Release|Any CPU
		{FCB49407-1470-44C8-8D9B-AABA921FF088}.Debug|Any CPU.ActiveCfg = Debug|Any CPU
		{FCB49407-1470-44C8-8D9B-AABA921FF088}.Debug|Any CPU.Build.0 = Debug|Any CPU
		{FCB49407-1470-44C8-8D9B-AABA921FF088}.Release|Any CPU.ActiveCfg = Release|Any CPU
		{FCB49407-1470-44C8-8D9B-AABA921FF088}.Release|Any CPU.Build.0 = Release|Any CPU
		{0348CA5E-C60B-424D-999C-55A153A637E1}.Debug|Any CPU.ActiveCfg = Debug|Any CPU
		{0348CA5E-C60B-424D-999C-55A153A637E1}.Debug|Any CPU.Build.0 = Debug|Any CPU
		{0348CA5E-C60B-424D-999C-55A153A637E1}.Release|Any CPU.ActiveCfg = Release|Any CPU
		{0348CA5E-C60B-424D-999C-55A153A637E1}.Release|Any CPU.Build.0 = Release|Any CPU
		{F622118C-38C5-4D06-929E-46A5DADEF618}.Debug|Any CPU.ActiveCfg = Debug|Any CPU
		{F622118C-38C5-4D06-929E-46A5DADEF618}.Debug|Any CPU.Build.0 = Debug|Any CPU
		{F622118C-38C5-4D06-929E-46A5DADEF618}.Release|Any CPU.ActiveCfg = Release|Any CPU
		{F622118C-38C5-4D06-929E-46A5DADEF618}.Release|Any CPU.Build.0 = Release|Any CPU
		{4528F2B2-5546-4F67-9B13-D75E1058876E}.Debug|Any CPU.ActiveCfg = Debug|Any CPU
		{4528F2B2-5546-4F67-9B13-D75E1058876E}.Debug|Any CPU.Build.0 = Debug|Any CPU
		{4528F2B2-5546-4F67-9B13-D75E1058876E}.Release|Any CPU.ActiveCfg = Release|Any CPU
		{4528F2B2-5546-4F67-9B13-D75E1058876E}.Release|Any CPU.Build.0 = Release|Any CPU
		{4528F2B2-5546-4F67-9B13-D75E1058876E}.Release|Any CPU.Deploy.0 = Release|Any CPU
	EndGlobalSection
	GlobalSection(SolutionProperties) = preSolution
		HideSolutionNode = FALSE
	EndGlobalSection
	GlobalSection(NestedProjects) = preSolution
		{FCB49407-1470-44C8-8D9B-AABA921FF088} = {2639AA9C-DDB0-481A-AFE5-8AFF633E5936}
		{C3AE09BD-C508-4690-BAB0-CDBA77FADCEF} = {2639AA9C-DDB0-481A-AFE5-8AFF633E5936}
		{0348CA5E-C60B-424D-999C-55A153A637E1} = {2639AA9C-DDB0-481A-AFE5-8AFF633E5936}
		{F622118C-38C5-4D06-929E-46A5DADEF618} = {2639AA9C-DDB0-481A-AFE5-8AFF633E5936}
		{4528F2B2-5546-4F67-9B13-D75E1058876E} = {2639AA9C-DDB0-481A-AFE5-8AFF633E5936}
	EndGlobalSection
	GlobalSection(ExtensibilityGlobals) = postSolution
		VisualSVNWorkingCopyRoot = .
	EndGlobalSection
EndGlobal
